
Microsoft Visual Studio Solution File, Format Version 12.00
# Visual Studio Version 17
VisualStudioVersion = 17.6.33829.357
MinimumVisualStudioVersion = 10.0.40219.1
Project("{9A19103F-16F7-4668-BE54-9A1E7A4F7556}") = "Leetcode-Solutions-C-Sharp", "Leetcode-Solutions-C-Sharp.csproj", "{EF6CCB92-5907-4245-9942-97427D8D6356}"
EndProject
Project("{9A19103F-16F7-4668-BE54-9A1E7A4F7556}") = "LC_1929", "LC_1929\LC_1929.csproj", "{C5B940A9-081B-4840-A5AC-9E7F23D0AED5}"
EndProject
Project("{9A19103F-16F7-4668-BE54-9A1E7A4F7556}") = "LC_2469", "LC_2469\LC_2469.csproj", "{246B2DC0-7E96-42F9-B6C2-6F875B0DB91A}"
EndProject
Project("{9A19103F-16F7-4668-BE54-9A1E7A4F7556}") = "LC_1672", "LC_1672\LC_1672.csproj", "{26A34393-0286-4C33-B79C-FA3678F2C6A8}"
EndProject
Project("{9A19103F-16F7-4668-BE54-9A1E7A4F7556}") = "LC_2413", "LC_2413\LC_2413.csproj", "{90D41EE7-442F-4A7C-B332-0FA42373F267}"
EndProject
Project("{9A19103F-16F7-4668-BE54-9A1E7A4F7556}") = "LC_2114", "LC_2114\LC_2114.csproj", "{7001D42F-3C8D-4001-9C70-B77956F9A2B3}"
EndProject
Project("{9A19103F-16F7-4668-BE54-9A1E7A4F7556}") = "LC_2160", "LC_2160\LC_2160.csproj", "{F064A506-0905-4765-BDC4-F0DF1E1D807C}"
EndProject
Project("{9A19103F-16F7-4668-BE54-9A1E7A4F7556}") = "LC_412", "LC_412\LC_412.csproj", "{13276B5C-9784-402F-A57E-A6691C0335A8}"
EndProject
Project("{9A19103F-16F7-4668-BE54-9A1E7A4F7556}") = "LC_1342", "LC_1342\LC_1342.csproj", "{9D727CFD-AC86-46F6-B620-FF3A0E2715C7}"
EndProject
Project("{9A19103F-16F7-4668-BE54-9A1E7A4F7556}") = "LC_20", "LC_20\LC_20.csproj", "{96271244-0B9B-4D51-822F-35061D857524}"
EndProject
Project("{9A19103F-16F7-4668-BE54-9A1E7A4F7556}") = "LC_21", "LC_21\LC_21.csproj", "{E510FA93-294F-4FE7-940E-AC3CD3DF0672}"
EndProject
Project("{9A19103F-16F7-4668-BE54-9A1E7A4F7556}") = "LC_2798", "LC_2798\LC_2798.csproj", "{4F6FF1F3-4DBF-4BCE-83F8-C896E3CC6038}"
EndProject
Project("{9A19103F-16F7-4668-BE54-9A1E7A4F7556}") = "LC_2652", "LC_2652\LC_2652.csproj", "{8F9C9CF5-6DD2-486F-831C-69439092414A}"
EndProject
Project("{9A19103F-16F7-4668-BE54-9A1E7A4F7556}") = "LC_2520", "LC_2520\LC_2520.csproj", "{8618C6AA-F998-43A9-84DF-1A276BD4D97C}"
EndProject
Project("{9A19103F-16F7-4668-BE54-9A1E7A4F7556}") = "LC_1859", "LC_1859\LC_1859.csproj", "{7C046B04-2B6B-4E79-BACB-AA567E5CD67E}"
EndProject
Project("{9A19103F-16F7-4668-BE54-9A1E7A4F7556}") = "LC_2810", "LC_2810\LC_2810.csproj", "{4A1F84B3-1F28-4B26-860A-1C4706F8A902}"
EndProject
Project("{9A19103F-16F7-4668-BE54-9A1E7A4F7556}") = "LC_1323", "LC_1323\LC_1323.csproj", "{D6722941-98F1-4530-AC3D-4CAB27769931}"
EndProject
Project("{9A19103F-16F7-4668-BE54-9A1E7A4F7556}") = "LC_2769", "LC_2769\LC_2769.csproj", "{8ABEA845-71F3-4B71-BE70-5D61AF64A863}"
EndProject
Project("{9A19103F-16F7-4668-BE54-9A1E7A4F7556}") = "LC_2574", "LC_2574\LC_2574.csproj", "{91C6AC43-2E89-4021-90A5-9D154AF9F3F6}"
EndProject
Project("{9A19103F-16F7-4668-BE54-9A1E7A4F7556}") = "LC_1389", "LC_1389\LC_1389.csproj", "{043253B3-E332-4E65-8557-6655015CD04C}"
EndProject
Project("{9A19103F-16F7-4668-BE54-9A1E7A4F7556}") = "LC_1732", "LC_1732\LC_1732.csproj", "{00178F9B-73E4-41D6-A8CD-B2ED4F156F7D}"
EndProject
Project("{9A19103F-16F7-4668-BE54-9A1E7A4F7556}") = "LC_2315", "LC_2315\LC_2315.csproj", "{60AD3370-D11A-4808-861C-EC9B6CAFDB2A}"
EndProject
Project("{9A19103F-16F7-4668-BE54-9A1E7A4F7556}") = "LC_2535", "LC_2535\LC_2535.csproj", "{E95AC46D-4E19-443F-AB3F-59FF92B98591}"
EndProject
Project("{9A19103F-16F7-4668-BE54-9A1E7A4F7556}") = "LC_2006", "LC_2006\LC_2006.csproj", "{E8B057A6-D14D-464A-B9A0-117A7E7EAB70}"
EndProject
Project("{FAE04EC0-301F-11D3-BF4B-00C04F79EFBC}") = "LC_1290", "LC_1290\LC_1290.csproj", "{D60E1CF2-7842-44BB-B166-E1FAAC56B4E9}"
EndProject
Global
	GlobalSection(SolutionConfigurationPlatforms) = preSolution
		Debug|Any CPU = Debug|Any CPU
		Release|Any CPU = Release|Any CPU
	EndGlobalSection
	GlobalSection(ProjectConfigurationPlatforms) = postSolution
		{EF6CCB92-5907-4245-9942-97427D8D6356}.Debug|Any CPU.ActiveCfg = Debug|Any CPU
		{EF6CCB92-5907-4245-9942-97427D8D6356}.Debug|Any CPU.Build.0 = Debug|Any CPU
		{EF6CCB92-5907-4245-9942-97427D8D6356}.Release|Any CPU.ActiveCfg = Release|Any CPU
		{EF6CCB92-5907-4245-9942-97427D8D6356}.Release|Any CPU.Build.0 = Release|Any CPU
		{C5B940A9-081B-4840-A5AC-9E7F23D0AED5}.Debug|Any CPU.ActiveCfg = Debug|Any CPU
		{C5B940A9-081B-4840-A5AC-9E7F23D0AED5}.Debug|Any CPU.Build.0 = Debug|Any CPU
		{C5B940A9-081B-4840-A5AC-9E7F23D0AED5}.Release|Any CPU.ActiveCfg = Release|Any CPU
		{C5B940A9-081B-4840-A5AC-9E7F23D0AED5}.Release|Any CPU.Build.0 = Release|Any CPU
		{246B2DC0-7E96-42F9-B6C2-6F875B0DB91A}.Debug|Any CPU.ActiveCfg = Debug|Any CPU
		{246B2DC0-7E96-42F9-B6C2-6F875B0DB91A}.Debug|Any CPU.Build.0 = Debug|Any CPU
		{246B2DC0-7E96-42F9-B6C2-6F875B0DB91A}.Release|Any CPU.ActiveCfg = Release|Any CPU
		{246B2DC0-7E96-42F9-B6C2-6F875B0DB91A}.Release|Any CPU.Build.0 = Release|Any CPU
		{26A34393-0286-4C33-B79C-FA3678F2C6A8}.Debug|Any CPU.ActiveCfg = Debug|Any CPU
		{26A34393-0286-4C33-B79C-FA3678F2C6A8}.Debug|Any CPU.Build.0 = Debug|Any CPU
		{26A34393-0286-4C33-B79C-FA3678F2C6A8}.Release|Any CPU.ActiveCfg = Release|Any CPU
		{26A34393-0286-4C33-B79C-FA3678F2C6A8}.Release|Any CPU.Build.0 = Release|Any CPU
		{90D41EE7-442F-4A7C-B332-0FA42373F267}.Debug|Any CPU.ActiveCfg = Debug|Any CPU
		{90D41EE7-442F-4A7C-B332-0FA42373F267}.Debug|Any CPU.Build.0 = Debug|Any CPU
		{90D41EE7-442F-4A7C-B332-0FA42373F267}.Release|Any CPU.ActiveCfg = Release|Any CPU
		{90D41EE7-442F-4A7C-B332-0FA42373F267}.Release|Any CPU.Build.0 = Release|Any CPU
		{7001D42F-3C8D-4001-9C70-B77956F9A2B3}.Debug|Any CPU.ActiveCfg = Debug|Any CPU
		{7001D42F-3C8D-4001-9C70-B77956F9A2B3}.Debug|Any CPU.Build.0 = Debug|Any CPU
		{7001D42F-3C8D-4001-9C70-B77956F9A2B3}.Release|Any CPU.ActiveCfg = Release|Any CPU
		{7001D42F-3C8D-4001-9C70-B77956F9A2B3}.Release|Any CPU.Build.0 = Release|Any CPU
		{F064A506-0905-4765-BDC4-F0DF1E1D807C}.Debug|Any CPU.ActiveCfg = Debug|Any CPU
		{F064A506-0905-4765-BDC4-F0DF1E1D807C}.Debug|Any CPU.Build.0 = Debug|Any CPU
		{F064A506-0905-4765-BDC4-F0DF1E1D807C}.Release|Any CPU.ActiveCfg = Release|Any CPU
		{F064A506-0905-4765-BDC4-F0DF1E1D807C}.Release|Any CPU.Build.0 = Release|Any CPU
		{13276B5C-9784-402F-A57E-A6691C0335A8}.Debug|Any CPU.ActiveCfg = Debug|Any CPU
		{13276B5C-9784-402F-A57E-A6691C0335A8}.Debug|Any CPU.Build.0 = Debug|Any CPU
		{13276B5C-9784-402F-A57E-A6691C0335A8}.Release|Any CPU.ActiveCfg = Release|Any CPU
		{13276B5C-9784-402F-A57E-A6691C0335A8}.Release|Any CPU.Build.0 = Release|Any CPU
		{9D727CFD-AC86-46F6-B620-FF3A0E2715C7}.Debug|Any CPU.ActiveCfg = Debug|Any CPU
		{9D727CFD-AC86-46F6-B620-FF3A0E2715C7}.Debug|Any CPU.Build.0 = Debug|Any CPU
		{9D727CFD-AC86-46F6-B620-FF3A0E2715C7}.Release|Any CPU.ActiveCfg = Release|Any CPU
		{9D727CFD-AC86-46F6-B620-FF3A0E2715C7}.Release|Any CPU.Build.0 = Release|Any CPU
		{96271244-0B9B-4D51-822F-35061D857524}.Debug|Any CPU.ActiveCfg = Debug|Any CPU
		{96271244-0B9B-4D51-822F-35061D857524}.Debug|Any CPU.Build.0 = Debug|Any CPU
		{96271244-0B9B-4D51-822F-35061D857524}.Release|Any CPU.ActiveCfg = Release|Any CPU
		{96271244-0B9B-4D51-822F-35061D857524}.Release|Any CPU.Build.0 = Release|Any CPU
		{E510FA93-294F-4FE7-940E-AC3CD3DF0672}.Debug|Any CPU.ActiveCfg = Debug|Any CPU
		{E510FA93-294F-4FE7-940E-AC3CD3DF0672}.Debug|Any CPU.Build.0 = Debug|Any CPU
		{E510FA93-294F-4FE7-940E-AC3CD3DF0672}.Release|Any CPU.ActiveCfg = Release|Any CPU
		{E510FA93-294F-4FE7-940E-AC3CD3DF0672}.Release|Any CPU.Build.0 = Release|Any CPU
		{4F6FF1F3-4DBF-4BCE-83F8-C896E3CC6038}.Debug|Any CPU.ActiveCfg = Debug|Any CPU
		{4F6FF1F3-4DBF-4BCE-83F8-C896E3CC6038}.Debug|Any CPU.Build.0 = Debug|Any CPU
		{4F6FF1F3-4DBF-4BCE-83F8-C896E3CC6038}.Release|Any CPU.ActiveCfg = Release|Any CPU
		{4F6FF1F3-4DBF-4BCE-83F8-C896E3CC6038}.Release|Any CPU.Build.0 = Release|Any CPU
		{8F9C9CF5-6DD2-486F-831C-69439092414A}.Debug|Any CPU.ActiveCfg = Debug|Any CPU
		{8F9C9CF5-6DD2-486F-831C-69439092414A}.Debug|Any CPU.Build.0 = Debug|Any CPU
		{8F9C9CF5-6DD2-486F-831C-69439092414A}.Release|Any CPU.ActiveCfg = Release|Any CPU
		{8F9C9CF5-6DD2-486F-831C-69439092414A}.Release|Any CPU.Build.0 = Release|Any CPU
		{8618C6AA-F998-43A9-84DF-1A276BD4D97C}.Debug|Any CPU.ActiveCfg = Debug|Any CPU
		{8618C6AA-F998-43A9-84DF-1A276BD4D97C}.Debug|Any CPU.Build.0 = Debug|Any CPU
		{8618C6AA-F998-43A9-84DF-1A276BD4D97C}.Release|Any CPU.ActiveCfg = Release|Any CPU
		{8618C6AA-F998-43A9-84DF-1A276BD4D97C}.Release|Any CPU.Build.0 = Release|Any CPU
		{7C046B04-2B6B-4E79-BACB-AA567E5CD67E}.Debug|Any CPU.ActiveCfg = Debug|Any CPU
		{7C046B04-2B6B-4E79-BACB-AA567E5CD67E}.Debug|Any CPU.Build.0 = Debug|Any CPU
		{7C046B04-2B6B-4E79-BACB-AA567E5CD67E}.Release|Any CPU.ActiveCfg = Release|Any CPU
		{7C046B04-2B6B-4E79-BACB-AA567E5CD67E}.Release|Any CPU.Build.0 = Release|Any CPU
		{4A1F84B3-1F28-4B26-860A-1C4706F8A902}.Debug|Any CPU.ActiveCfg = Debug|Any CPU
		{4A1F84B3-1F28-4B26-860A-1C4706F8A902}.Debug|Any CPU.Build.0 = Debug|Any CPU
		{4A1F84B3-1F28-4B26-860A-1C4706F8A902}.Release|Any CPU.ActiveCfg = Release|Any CPU
		{4A1F84B3-1F28-4B26-860A-1C4706F8A902}.Release|Any CPU.Build.0 = Release|Any CPU
		{D6722941-98F1-4530-AC3D-4CAB27769931}.Debug|Any CPU.ActiveCfg = Debug|Any CPU
		{D6722941-98F1-4530-AC3D-4CAB27769931}.Debug|Any CPU.Build.0 = Debug|Any CPU
		{D6722941-98F1-4530-AC3D-4CAB27769931}.Release|Any CPU.ActiveCfg = Release|Any CPU
		{D6722941-98F1-4530-AC3D-4CAB27769931}.Release|Any CPU.Build.0 = Release|Any CPU
		{8ABEA845-71F3-4B71-BE70-5D61AF64A863}.Debug|Any CPU.ActiveCfg = Debug|Any CPU
		{8ABEA845-71F3-4B71-BE70-5D61AF64A863}.Debug|Any CPU.Build.0 = Debug|Any CPU
		{8ABEA845-71F3-4B71-BE70-5D61AF64A863}.Release|Any CPU.ActiveCfg = Release|Any CPU
		{8ABEA845-71F3-4B71-BE70-5D61AF64A863}.Release|Any CPU.Build.0 = Release|Any CPU
		{91C6AC43-2E89-4021-90A5-9D154AF9F3F6}.Debug|Any CPU.ActiveCfg = Debug|Any CPU
		{91C6AC43-2E89-4021-90A5-9D154AF9F3F6}.Debug|Any CPU.Build.0 = Debug|Any CPU
		{91C6AC43-2E89-4021-90A5-9D154AF9F3F6}.Release|Any CPU.ActiveCfg = Release|Any CPU
		{91C6AC43-2E89-4021-90A5-9D154AF9F3F6}.Release|Any CPU.Build.0 = Release|Any CPU
		{043253B3-E332-4E65-8557-6655015CD04C}.Debug|Any CPU.ActiveCfg = Debug|Any CPU
		{043253B3-E332-4E65-8557-6655015CD04C}.Debug|Any CPU.Build.0 = Debug|Any CPU
		{043253B3-E332-4E65-8557-6655015CD04C}.Release|Any CPU.ActiveCfg = Release|Any CPU
		{043253B3-E332-4E65-8557-6655015CD04C}.Release|Any CPU.Build.0 = Release|Any CPU
		{00178F9B-73E4-41D6-A8CD-B2ED4F156F7D}.Debug|Any CPU.ActiveCfg = Debug|Any CPU
		{00178F9B-73E4-41D6-A8CD-B2ED4F156F7D}.Debug|Any CPU.Build.0 = Debug|Any CPU
		{00178F9B-73E4-41D6-A8CD-B2ED4F156F7D}.Release|Any CPU.ActiveCfg = Release|Any CPU
		{00178F9B-73E4-41D6-A8CD-B2ED4F156F7D}.Release|Any CPU.Build.0 = Release|Any CPU
		{60AD3370-D11A-4808-861C-EC9B6CAFDB2A}.Debug|Any CPU.ActiveCfg = Debug|Any CPU
		{60AD3370-D11A-4808-861C-EC9B6CAFDB2A}.Debug|Any CPU.Build.0 = Debug|Any CPU
		{60AD3370-D11A-4808-861C-EC9B6CAFDB2A}.Release|Any CPU.ActiveCfg = Release|Any CPU
		{60AD3370-D11A-4808-861C-EC9B6CAFDB2A}.Release|Any CPU.Build.0 = Release|Any CPU
		{E95AC46D-4E19-443F-AB3F-59FF92B98591}.Debug|Any CPU.ActiveCfg = Debug|Any CPU
		{E95AC46D-4E19-443F-AB3F-59FF92B98591}.Debug|Any CPU.Build.0 = Debug|Any CPU
		{E95AC46D-4E19-443F-AB3F-59FF92B98591}.Release|Any CPU.ActiveCfg = Release|Any CPU
		{E95AC46D-4E19-443F-AB3F-59FF92B98591}.Release|Any CPU.Build.0 = Release|Any CPU
		{E8B057A6-D14D-464A-B9A0-117A7E7EAB70}.Debug|Any CPU.ActiveCfg = Debug|Any CPU
		{E8B057A6-D14D-464A-B9A0-117A7E7EAB70}.Debug|Any CPU.Build.0 = Debug|Any CPU
		{E8B057A6-D14D-464A-B9A0-117A7E7EAB70}.Release|Any CPU.ActiveCfg = Release|Any CPU
		{E8B057A6-D14D-464A-B9A0-117A7E7EAB70}.Release|Any CPU.Build.0 = Release|Any CPU
		{D60E1CF2-7842-44BB-B166-E1FAAC56B4E9}.Debug|Any CPU.ActiveCfg = Debug|Any CPU
		{D60E1CF2-7842-44BB-B166-E1FAAC56B4E9}.Debug|Any CPU.Build.0 = Debug|Any CPU
		{D60E1CF2-7842-44BB-B166-E1FAAC56B4E9}.Release|Any CPU.ActiveCfg = Release|Any CPU
		{D60E1CF2-7842-44BB-B166-E1FAAC56B4E9}.Release|Any CPU.Build.0 = Release|Any CPU
	EndGlobalSection
	GlobalSection(SolutionProperties) = preSolution
		HideSolutionNode = FALSE
	EndGlobalSection
	GlobalSection(ExtensibilityGlobals) = postSolution
		SolutionGuid = {C0165430-2949-448C-8881-6FEDAAD260B0}
	EndGlobalSection
EndGlobal
